
Microsoft Visual Studio Solution File, Format Version 12.00
# Visual Studio Version 17
VisualStudioVersion = 17.12.35707.178
MinimumVisualStudioVersion = 10.0.40219.1
Project("{FAE04EC0-301F-11D3-BF4B-00C04F79EFBC}") = "SampleMAUIApp", "SampleMAUIApp\SampleMAUIApp.csproj", "{2696B967-F275-4BAC-A1D7-322CFCCD7DEE}"
EndProject
Project("{FAE04EC0-301F-11D3-BF4B-00C04F79EFBC}") = "clsArthritisPatient", "clsArthritisPatient\clsArthritisPatient.csproj", "{F3AD4F14-2CE9-4E74-99BC-A69E07868D4B}"
EndProject
Global
	GlobalSection(SolutionConfigurationPlatforms) = preSolution
		Debug|Any CPU = Debug|Any CPU
		Release|Any CPU = Release|Any CPU
	EndGlobalSection
	GlobalSection(ProjectConfigurationPlatforms) = postSolution
		{2696B967-F275-4BAC-A1D7-322CFCCD7DEE}.Debug|Any CPU.ActiveCfg = Debug|Any CPU
		{2696B967-F275-4BAC-A1D7-322CFCCD7DEE}.Debug|Any CPU.Build.0 = Debug|Any CPU
		{2696B967-F275-4BAC-A1D7-322CFCCD7DEE}.Debug|Any CPU.Deploy.0 = Debug|Any CPU
		{2696B967-F275-4BAC-A1D7-322CFCCD7DEE}.Release|Any CPU.ActiveCfg = Release|Any CPU
		{2696B967-F275-4BAC-A1D7-322CFCCD7DEE}.Release|Any CPU.Build.0 = Release|Any CPU
		{2696B967-F275-4BAC-A1D7-322CFCCD7DEE}.Release|Any CPU.Deploy.0 = Release|Any CPU
		{F3AD4F14-2CE9-4E74-99BC-A69E07868D4B}.Debug|Any CPU.ActiveCfg = Debug|Any CPU
		{F3AD4F14-2CE9-4E74-99BC-A69E07868D4B}.Debug|Any CPU.Build.0 = Debug|Any CPU
		{F3AD4F14-2CE9-4E74-99BC-A69E07868D4B}.Release|Any CPU.ActiveCfg = Release|Any CPU
		{F3AD4F14-2CE9-4E74-99BC-A69E07868D4B}.Release|Any CPU.Build.0 = Release|Any CPU
	EndGlobalSection
	GlobalSection(SolutionProperties) = preSolution
		HideSolutionNode = FALSE
	EndGlobalSection
EndGlobal
