
Microsoft Visual Studio Solution File, Format Version 12.00
# Visual Studio Version 17
VisualStudioVersion = 17.14.36623.8
MinimumVisualStudioVersion = 10.0.40219.1
Project("{2150E333-8FDC-42A3-9474-1A3956D46DE8}") = "Solution Items", "Solution Items", "{8EC462FD-D22E-90A8-E5CE-7E832BA40C5D}"
	ProjectSection(SolutionItems) = preProject
		Directory.Packages.props = Directory.Packages.props
		Nuget.Config = Nuget.Config
	EndProjectSection
EndProject
Project("{FAE04EC0-301F-11D3-BF4B-00C04F79EFBC}") = "EFCoreCpmConsole", "EFCoreCpmConsole\EFCoreCpmConsole.csproj", "{6582E9C6-CB7D-2DC9-7AF9-E23DE1C97535}"
EndProject
Global
	GlobalSection(SolutionConfigurationPlatforms) = preSolution
		Debug|Any CPU = Debug|Any CPU
		Release|Any CPU = Release|Any CPU
	EndGlobalSection
	GlobalSection(ProjectConfigurationPlatforms) = postSolution
		{6582E9C6-CB7D-2DC9-7AF9-E23DE1C97535}.Debug|Any CPU.ActiveCfg = Debug|Any CPU
		{6582E9C6-CB7D-2DC9-7AF9-E23DE1C97535}.Debug|Any CPU.Build.0 = Debug|Any CPU
		{6582E9C6-CB7D-2DC9-7AF9-E23DE1C97535}.Release|Any CPU.ActiveCfg = Release|Any CPU
		{6582E9C6-CB7D-2DC9-7AF9-E23DE1C97535}.Release|Any CPU.Build.0 = Release|Any CPU
	EndGlobalSection
	GlobalSection(SolutionProperties) = preSolution
		HideSolutionNode = FALSE
	EndGlobalSection
	GlobalSection(ExtensibilityGlobals) = postSolution
		SolutionGuid = {C5BEFD02-3002-433D-A21F-2B5BD68BED80}
	EndGlobalSection
EndGlobal
